
Microsoft Visual Studio Solution File, Format Version 12.00
# Visual Studio Version 16
VisualStudioVersion = 16.0.29709.97
MinimumVisualStudioVersion = 10.0.40219.1
Project("{FAE04EC0-301F-11D3-BF4B-00C04F79EFBC}") = "DevCampAssignment", "DevCampAssignment\DevCampAssignment.csproj", "{4D042128-104E-472B-B30C-4403908EFF0E}"
EndProject
Project("{FAE04EC0-301F-11D3-BF4B-00C04F79EFBC}") = "DevCampAssignment.Tests", "DevCampAssignment.Tests\DevCampAssignment.Tests.csproj", "{AE7AB570-05F5-4971-B1F0-2385F2AA26D7}"
EndProject
Global
	GlobalSection(SolutionConfigurationPlatforms) = preSolution
		Debug|Any CPU = Debug|Any CPU
		Release|Any CPU = Release|Any CPU
	EndGlobalSection
	GlobalSection(ProjectConfigurationPlatforms) = postSolution
		{4D042128-104E-472B-B30C-4403908EFF0E}.Debug|Any CPU.ActiveCfg = Debug|Any CPU
		{4D042128-104E-472B-B30C-4403908EFF0E}.Debug|Any CPU.Build.0 = Debug|Any CPU
		{4D042128-104E-472B-B30C-4403908EFF0E}.Release|Any CPU.ActiveCfg = Release|Any CPU
		{4D042128-104E-472B-B30C-4403908EFF0E}.Release|Any CPU.Build.0 = Release|Any CPU
		{AE7AB570-05F5-4971-B1F0-2385F2AA26D7}.Debug|Any CPU.ActiveCfg = Debug|Any CPU
		{AE7AB570-05F5-4971-B1F0-2385F2AA26D7}.Debug|Any CPU.Build.0 = Debug|Any CPU
		{AE7AB570-05F5-4971-B1F0-2385F2AA26D7}.Release|Any CPU.ActiveCfg = Release|Any CPU
		{AE7AB570-05F5-4971-B1F0-2385F2AA26D7}.Release|Any CPU.Build.0 = Release|Any CPU
	EndGlobalSection
	GlobalSection(SolutionProperties) = preSolution
		HideSolutionNode = FALSE
	EndGlobalSection
	GlobalSection(ExtensibilityGlobals) = postSolution
		SolutionGuid = {77539C8B-0060-4075-B57D-E67E982478A1}
	EndGlobalSection
EndGlobal
